{
  "version": 4,
  "terraform_version": "1.6.3",
  "serial": 11,
  "lineage": "a5834d24-3ce0-9927-a9a4-c0f6ce28d477",
  "outputs": {},
  "resources": [
    {
      "mode": "managed",
      "type": "azurerm_app_service_source_control",
      "name": "sourcecontrol",
      "provider": "provider[\"registry.terraform.io/hashicorp/azurerm\"]",
      "instances": [
        {
          "schema_version": 0,
          "attributes": {
            "app_id": "/subscriptions/ceef3f9b-1735-4810-b3ba-64f315a5fd2d/resourceGroups/il-app-service-rg/providers/Microsoft.Web/sites/il-demo1",
            "branch": "master",
            "github_action_configuration": [],
            "id": "/subscriptions/ceef3f9b-1735-4810-b3ba-64f315a5fd2d/resourceGroups/il-app-service-rg/providers/Microsoft.Web/sites/il-demo1",
            "repo_url": "https://github.com/Azure-Samples/nodejs-docs-hello-world",
            "rollback_enabled": false,
            "scm_type": "ExternalGit",
            "timeouts": null,
            "use_local_git": false,
            "use_manual_integration": true,
            "use_mercurial": false,
            "uses_github_action": false
          },
          "sensitive_attributes": [],
          "private": "eyJlMmJmYjczMC1lY2FhLTExZTYtOGY4OC0zNDM2M2JjN2M0YzAiOnsiY3JlYXRlIjoxODAwMDAwMDAwMDAwLCJkZWxldGUiOjE4MDAwMDAwMDAwMDAsInJlYWQiOjMwMDAwMDAwMDAwMH19",
          "dependencies": [
            "azurerm_linux_web_app.webapp",
            "azurerm_resource_group.il-app-service",
            "azurerm_service_plan.appserviceplan"
          ]
        }
      ]
    },
    {
      "mode": "managed",
      "type": "azurerm_linux_web_app",
      "name": "webapp",
      "provider": "provider[\"registry.terraform.io/hashicorp/azurerm\"]",
      "instances": [
        {
          "schema_version": 0,
          "attributes": {
            "app_settings": null,
            "auth_settings": [],
            "auth_settings_v2": [],
            "backup": [],
            "client_affinity_enabled": false,
            "client_certificate_enabled": false,
            "client_certificate_exclusion_paths": "",
            "client_certificate_mode": "Required",
            "connection_string": [],
            "custom_domain_verification_id": "18AF933FEED3F8939BF0D3189EAEDBA475740AC0E4F998E2611F8D4C71DEFD68",
            "default_hostname": "il-demo1.azurewebsites.net",
            "enabled": true,
            "ftp_publish_basic_authentication_enabled": true,
            "hosting_environment_id": "",
            "https_only": true,
            "id": "/subscriptions/ceef3f9b-1735-4810-b3ba-64f315a5fd2d/resourceGroups/il-app-service-rg/providers/Microsoft.Web/sites/il-demo1",
            "identity": [],
            "key_vault_reference_identity_id": "SystemAssigned",
            "kind": "app,linux",
            "location": "centralindia",
            "logs": [],
            "name": "il-demo1",
            "outbound_ip_address_list": [
              "20.219.176.179",
              "20.219.180.229",
              "20.219.181.156",
              "20.219.181.205",
              "20.207.83.161",
              "20.219.182.2",
              "20.207.85.205",
              "20.204.225.3",
              "20.207.85.101",
              "20.207.85.252",
              "20.207.82.86",
              "20.207.86.8",
              "20.192.170.10"
            ],
            "outbound_ip_addresses": "20.219.176.179,20.219.180.229,20.219.181.156,20.219.181.205,20.207.83.161,20.219.182.2,20.207.85.205,20.204.225.3,20.207.85.101,20.207.85.252,20.207.82.86,20.207.86.8,20.192.170.10",
            "possible_outbound_ip_address_list": [
              "20.219.176.179",
              "20.219.180.229",
              "20.219.181.156",
              "20.219.181.205",
              "20.207.83.161",
              "20.219.182.2",
              "20.207.85.205",
              "20.204.225.3",
              "20.207.85.101",
              "20.207.85.252",
              "20.207.82.86",
              "20.207.86.8",
              "20.207.86.20",
              "20.204.225.124",
              "20.204.225.195",
              "20.204.216.70",
              "20.204.219.52",
              "20.204.223.59",
              "20.204.223.206",
              "20.204.223.40",
              "20.207.104.35",
              "20.207.104.51",
              "20.207.104.68",
              "20.207.104.100",
              "20.219.176.179",
              "20.219.180.229",
              "20.219.181.156",
              "20.219.181.205",
              "20.207.83.161",
              "20.219.182.2",
              "20.207.105.49",
              "20.204.221.132",
              "20.207.105.67",
              "20.204.223.52",
              "20.204.223.102",
              "20.207.105.105",
              "20.192.170.10"
            ],
            "possible_outbound_ip_addresses": "20.219.176.179,20.219.180.229,20.219.181.156,20.219.181.205,20.207.83.161,20.219.182.2,20.207.85.205,20.204.225.3,20.207.85.101,20.207.85.252,20.207.82.86,20.207.86.8,20.207.86.20,20.204.225.124,20.204.225.195,20.204.216.70,20.204.219.52,20.204.223.59,20.204.223.206,20.204.223.40,20.207.104.35,20.207.104.51,20.207.104.68,20.207.104.100,20.219.176.179,20.219.180.229,20.219.181.156,20.219.181.205,20.207.83.161,20.219.182.2,20.207.105.49,20.204.221.132,20.207.105.67,20.204.223.52,20.204.223.102,20.207.105.105,20.192.170.10",
            "public_network_access_enabled": true,
            "resource_group_name": "il-app-service-rg",
            "service_plan_id": "/subscriptions/ceef3f9b-1735-4810-b3ba-64f315a5fd2d/resourceGroups/il-app-service-rg/providers/Microsoft.Web/serverfarms/ASP_CI_linux",
            "site_config": [
              {
                "always_on": true,
                "api_definition_url": "",
                "api_management_api_id": "",
                "app_command_line": "",
                "application_stack": [
                  {
                    "docker_image": "",
                    "docker_image_name": "",
                    "docker_image_tag": "",
                    "docker_registry_password": "",
                    "docker_registry_url": "",
                    "docker_registry_username": "",
                    "dotnet_version": "",
                    "go_version": "",
                    "java_server": "",
                    "java_server_version": "",
                    "java_version": "",
                    "node_version": "",
                    "php_version": "",
                    "python_version": "",
                    "ruby_version": ""
                  }
                ],
                "auto_heal_enabled": false,
                "auto_heal_setting": [],
                "container_registry_managed_identity_client_id": "",
                "container_registry_use_managed_identity": false,
                "cors": [],
                "default_documents": [
                  "Default.htm",
                  "Default.html",
                  "Default.asp",
                  "index.htm",
                  "index.html",
                  "iisstart.htm",
                  "default.aspx",
                  "index.php",
                  "hostingstart.html"
                ],
                "detailed_error_logging_enabled": false,
                "ftps_state": "Disabled",
                "health_check_eviction_time_in_min": 0,
                "health_check_path": "",
                "http2_enabled": false,
                "ip_restriction": [],
                "linux_fx_version": "",
                "load_balancing_mode": "LeastRequests",
                "local_mysql_enabled": false,
                "managed_pipeline_mode": "Integrated",
                "minimum_tls_version": "1.2",
                "remote_debugging_enabled": false,
                "remote_debugging_version": "VS2019",
                "scm_ip_restriction": [],
                "scm_minimum_tls_version": "1.2",
                "scm_type": "None",
                "scm_use_main_ip_restriction": false,
                "use_32_bit_worker": true,
                "vnet_route_all_enabled": false,
                "websockets_enabled": false,
                "worker_count": 1
              }
            ],
            "site_credential": [
              {
                "name": "$il-demo1",
                "password": "YDwmgpdF7d3brrnQyuXoEgmPNBJboliX3fwWp88sjFdHxLq9EmCxSGlNB9eG"
              }
            ],
            "sticky_settings": [],
            "storage_account": [],
            "tags": null,
            "timeouts": null,
            "virtual_network_subnet_id": "",
            "webdeploy_publish_basic_authentication_enabled": true,
            "zip_deploy_file": ""
          },
          "sensitive_attributes": [],
          "private": "eyJlMmJmYjczMC1lY2FhLTExZTYtOGY4OC0zNDM2M2JjN2M0YzAiOnsiY3JlYXRlIjoxODAwMDAwMDAwMDAwLCJkZWxldGUiOjE4MDAwMDAwMDAwMDAsInJlYWQiOjMwMDAwMDAwMDAwMCwidXBkYXRlIjoxODAwMDAwMDAwMDAwfX0=",
          "dependencies": [
            "azurerm_resource_group.il-app-service",
            "azurerm_service_plan.appserviceplan"
          ]
        }
      ]
    },
    {
      "mode": "managed",
      "type": "azurerm_resource_group",
      "name": "il-app-service",
      "provider": "provider[\"registry.terraform.io/hashicorp/azurerm\"]",
      "instances": [
        {
          "schema_version": 0,
          "attributes": {
            "id": "/subscriptions/ceef3f9b-1735-4810-b3ba-64f315a5fd2d/resourceGroups/il-app-service-rg",
            "location": "centralindia",
            "managed_by": "",
            "name": "il-app-service-rg",
            "tags": {},
            "timeouts": null
          },
          "sensitive_attributes": [],
          "private": "eyJlMmJmYjczMC1lY2FhLTExZTYtOGY4OC0zNDM2M2JjN2M0YzAiOnsiY3JlYXRlIjo1NDAwMDAwMDAwMDAwLCJkZWxldGUiOjU0MDAwMDAwMDAwMDAsInJlYWQiOjMwMDAwMDAwMDAwMCwidXBkYXRlIjo1NDAwMDAwMDAwMDAwfX0="
        }
      ]
    },
    {
      "mode": "managed",
      "type": "azurerm_service_plan",
      "name": "appserviceplan",
      "provider": "provider[\"registry.terraform.io/hashicorp/azurerm\"]",
      "instances": [
        {
          "schema_version": 0,
          "attributes": {
            "app_service_environment_id": "",
            "id": "/subscriptions/ceef3f9b-1735-4810-b3ba-64f315a5fd2d/resourceGroups/il-app-service-rg/providers/Microsoft.Web/serverfarms/ASP_CI_linux",
            "kind": "linux",
            "location": "centralindia",
            "maximum_elastic_worker_count": 1,
            "name": "ASP_CI_linux",
            "os_type": "Linux",
            "per_site_scaling_enabled": false,
            "reserved": true,
            "resource_group_name": "il-app-service-rg",
            "sku_name": "B1",
            "tags": {},
            "timeouts": null,
            "worker_count": 1,
            "zone_balancing_enabled": false
          },
          "sensitive_attributes": [],
          "private": "eyJlMmJmYjczMC1lY2FhLTExZTYtOGY4OC0zNDM2M2JjN2M0YzAiOnsiY3JlYXRlIjozNjAwMDAwMDAwMDAwLCJkZWxldGUiOjM2MDAwMDAwMDAwMDAsInJlYWQiOjMwMDAwMDAwMDAwMCwidXBkYXRlIjozNjAwMDAwMDAwMDAwfX0=",
          "dependencies": [
            "azurerm_resource_group.il-app-service"
          ]
        }
      ]
    },
    {
      "mode": "managed",
      "type": "random_integer",
      "name": "ri",
      "provider": "provider[\"registry.terraform.io/hashicorp/random\"]",
      "instances": [
        {
          "schema_version": 0,
          "attributes": {
            "id": "79121",
            "keepers": null,
            "max": 99999,
            "min": 10000,
            "result": 79121,
            "seed": null
          },
          "sensitive_attributes": []
        }
      ]
    }
  ],
  "check_results": null
}
